
Microsoft Visual Studio Solution File, Format Version 11.00
# Visual Studio 2010
Project("{FAE04EC0-301F-11D3-BF4B-00C04F79EFBC}") = "YukiYume", "YukiYume\YukiYume.csproj", "{A6FFC8CB-BB84-42FB-805A-4E95A4E3D9F3}"
EndProject
Project("{FAE04EC0-301F-11D3-BF4B-00C04F79EFBC}") = "YukiYume.Tests", "YukiYume.Tests\YukiYume.Tests.csproj", "{9AEBFF9F-FB9E-4033-9CBB-C1902919149E}"
EndProject
Global
	GlobalSection(SolutionConfigurationPlatforms) = preSolution
		Debug|Any CPU = Debug|Any CPU
		Release|Any CPU = Release|Any CPU
	EndGlobalSection
	GlobalSection(ProjectConfigurationPlatforms) = postSolution
		{A6FFC8CB-BB84-42FB-805A-4E95A4E3D9F3}.Debug|Any CPU.ActiveCfg = Debug|Any CPU
		{A6FFC8CB-BB84-42FB-805A-4E95A4E3D9F3}.Debug|Any CPU.Build.0 = Debug|Any CPU
		{A6FFC8CB-BB84-42FB-805A-4E95A4E3D9F3}.Release|Any CPU.ActiveCfg = Release|Any CPU
		{A6FFC8CB-BB84-42FB-805A-4E95A4E3D9F3}.Release|Any CPU.Build.0 = Release|Any CPU
		{9AEBFF9F-FB9E-4033-9CBB-C1902919149E}.Debug|Any CPU.ActiveCfg = Debug|Any CPU
		{9AEBFF9F-FB9E-4033-9CBB-C1902919149E}.Debug|Any CPU.Build.0 = Debug|Any CPU
		{9AEBFF9F-FB9E-4033-9CBB-C1902919149E}.Release|Any CPU.ActiveCfg = Release|Any CPU
		{9AEBFF9F-FB9E-4033-9CBB-C1902919149E}.Release|Any CPU.Build.0 = Release|Any CPU
	EndGlobalSection
	GlobalSection(SolutionProperties) = preSolution
		HideSolutionNode = FALSE
	EndGlobalSection
EndGlobal
